<?xml version="1.0" encoding="utf-8"?>
<Project ToolsVersion="4.0" xmlns="http://schemas.microsoft.com/developer/msbuild/2003">
  <ItemGroup>
    <Filter Include="Source Files">
      <UniqueIdentifier>{4FC737F1-C7A5-4376-A066-2A32D752A2FF}</UniqueIdentifier>
      <Extensions>cpp;c;cc;cxx;def;odl;idl;hpj;bat;asm;asmx</Extensions>
    </Filter>
    <Filter Include="Header Files">
      <UniqueIdentifier>{93995380-89BD-4b04-88EB-625FBE52EBFB}</UniqueIdentifier>
      <Extensions>h;hh;hpp;hxx;hm;inl;inc;xsd</Extensions>
    </Filter>
    <Filter Include="Resource Files">
      <UniqueIdentifier>{67DA6AB6-F800-4c08-8B7A-83BB121AAD01}</UniqueIdentifier>
      <Extensions>rc;ico;cur;bmp;dlg;rc2;rct;bin;rgs;gif;jpg;jpeg;jpe;resx;tiff;tif;png;wav;mfcribbon-ms</Extensions>
    </Filter>
    <Filter Include="Source Files\Graphics">
      <UniqueIdentifier>{92c93b25-2a43-4398-90d3-8909ed4bd285}</UniqueIdentifier>
    </Filter>
    <Filter Include="Source Files\Date">
      <UniqueIdentifier>{06ad8d3d-625b-4e06-8fde-28868c60ab92}</UniqueIdentifier>
    </Filter>
    <Filter Include="Source Files\Circle">
      <UniqueIdentifier>{cfcef585-6d10-4eaf-b239-a020636664be}</UniqueIdentifier>
    </Filter>
    <Filter Include="Source Files\Score">
      <UniqueIdentifier>{a51ad5ee-59c4-4756-8f64-cee97927ab45}</UniqueIdentifier>
    </Filter>
    <Filter Include="Source Files\Zombie">
      <UniqueIdentifier>{9315f353-dc86-4354-8500-979be9a44e42}</UniqueIdentifier>
    </Filter>
    <Filter Include="Source Files\Question">
      <UniqueIdentifier>{1ced0383-6242-4d0c-9741-d07e62fb760c}</UniqueIdentifier>
    </Filter>
  </ItemGroup>
  <ItemGroup>
    <ClCompile Include="main.cpp">
      <Filter>Source Files</Filter>
    </ClCompile>
    <ClCompile Include="Graphics.cpp">
      <Filter>Source Files\Graphics</Filter>
    </ClCompile>
    <ClCompile Include="Date.cpp">
      <Filter>Source Files\Date</Filter>
    </ClCompile>
    <ClCompile Include="Circle.cpp">
      <Filter>Source Files\Circle</Filter>
    </ClCompile>
    <ClCompile Include="Score.cpp">
      <Filter>Source Files\Score</Filter>
    </ClCompile>
    <ClCompile Include="Zombie.cpp">
      <Filter>Source Files\Zombie</Filter>
    </ClCompile>
    <ClCompile Include="Question.cpp">
      <Filter>Source Files\Question</Filter>
    </ClCompile>
  </ItemGroup>
  <ItemGroup>
    <ClInclude Include="Graphics.h">
      <Filter>Source Files\Graphics</Filter>
    </ClInclude>
    <ClInclude Include="Date.h">
      <Filter>Source Files\Date</Filter>
    </ClInclude>
    <ClInclude Include="Circle.h">
      <Filter>Source Files\Circle</Filter>
    </ClInclude>
    <ClInclude Include="Score.h">
      <Filter>Source Files\Score</Filter>
    </ClInclude>
    <ClInclude Include="Zombie.h">
      <Filter>Source Files\Zombie</Filter>
    </ClInclude>
    <ClInclude Include="Question.h">
      <Filter>Source Files\Question</Filter>
    </ClInclude>
  </ItemGroup>
</Project>